PODS:
  - Alamofire (4.5.0)
  - NVActivityIndicatorView (3.7.0):
    - NVActivityIndicatorView/Presenter (= 3.7.0)
  - NVActivityIndicatorView/Presenter (3.7.0)
  - PopupDialog (0.5.4)
  - SDWebImage (4.0.0):
    - SDWebImage/Core (= 4.0.0)
  - SDWebImage/Core (4.0.0)
  - Strongbox (0.3.1)
  - SwiftyJSON (3.1.4)

DEPENDENCIES:
  - Alamofire (~> 4.4)
  - NVActivityIndicatorView
  - PopupDialog (~> 0.5)
  - SDWebImage (~> 4.0)
  - Strongbox
  - SwiftyJSON

SPEC CHECKSUMS:
  Alamofire: f28cdffd29de33a7bfa022cbd63ae95a27fae140
  NVActivityIndicatorView: d3738df7e2e476aca0ba6bf32a8c9fbcfc33d64b
  PopupDialog: 75cf955693590b0cb2fdde00223fb65d99c57247
  SDWebImage: 76a6348bdc74eb5a55dd08a091ef298e56b55e41
  Strongbox: 5018f3291e1102b4c11fab25d9e8494712e3d102
  SwiftyJSON: c2842d878f95482ffceec5709abc3d05680c0220

PODFILE CHECKSUM: 830e14d66147c68785a31ca169922f5aea0a92a3

COCOAPODS: 1.1.1
